
Microsoft Visual Studio Solution File, Format Version 12.00
# Visual Studio 14
VisualStudioVersion = 14.0.25123.0
MinimumVisualStudioVersion = 10.0.40219.1
Project("{8BC9CEB8-8B4A-11D0-8D11-00A0C91BC942}") = "GITechDemo", "..\AppMain\GITechDemo.vcxproj", "{00A7D12C-A742-4612-9C5D-7C5C33C2FA3F}"
	ProjectSection(ProjectDependencies) = postProject
		{42B90F7F-E5D8-4B7F-BE74-CAC4DA86C76F} = {42B90F7F-E5D8-4B7F-BE74-CAC4DA86C76F}
		{78B079BD-9FC7-4B9E-B4A6-96DA0F00248B} = {78B079BD-9FC7-4B9E-B4A6-96DA0F00248B}
	EndProjectSection
EndProject
Project("{8BC9CEB8-8B4A-11D0-8D11-00A0C91BC942}") = "Synesthesia3D", "..\External\Synesthesia3D\Synesthesia3D.vcxproj", "{42B90F7F-E5D8-4B7F-BE74-CAC4DA86C76F}"
EndProject
Project("{8BC9CEB8-8B4A-11D0-8D11-00A0C91BC942}") = "freetype", "..\External\freetype-2.6\freetype.vcxproj", "{78B079BD-9FC7-4B9E-B4A6-96DA0F00248B}"
EndProject
Project("{8BC9CEB8-8B4A-11D0-8D11-00A0C91BC942}") = "gainput", "..\External\gainput-0.10.0-beta\gainput.vcxproj", "{84A40273-6042-41CE-8DA8-CD1D538E1FC1}"
EndProject
Project("{2150E333-8FDC-42A3-9474-1A3956D46DE8}") = "3rd Party", "3rd Party", "{46B65AC7-D08F-415C-A5E1-D9F3D58A8641}"
EndProject
Project("{2150E333-8FDC-42A3-9474-1A3956D46DE8}") = "Engine", "Engine", "{65D9542A-66EF-47B9-879E-B598C471A191}"
EndProject
Project("{2150E333-8FDC-42A3-9474-1A3956D46DE8}") = "Main", "Main", "{879126C8-2B42-4B20-B8F9-9D136123CB33}"
EndProject
Global
	GlobalSection(SolutionConfigurationPlatforms) = preSolution
		Debug|Win32 = Debug|Win32
		Debug|x64 = Debug|x64
		Profile|Win32 = Profile|Win32
		Profile|x64 = Profile|x64
		Release|Win32 = Release|Win32
		Release|x64 = Release|x64
	EndGlobalSection
	GlobalSection(ProjectConfigurationPlatforms) = postSolution
		{00A7D12C-A742-4612-9C5D-7C5C33C2FA3F}.Debug|Win32.ActiveCfg = Debug|Win32
		{00A7D12C-A742-4612-9C5D-7C5C33C2FA3F}.Debug|Win32.Build.0 = Debug|Win32
		{00A7D12C-A742-4612-9C5D-7C5C33C2FA3F}.Debug|x64.ActiveCfg = Debug|x64
		{00A7D12C-A742-4612-9C5D-7C5C33C2FA3F}.Debug|x64.Build.0 = Debug|x64
		{00A7D12C-A742-4612-9C5D-7C5C33C2FA3F}.Profile|Win32.ActiveCfg = Profile|Win32
		{00A7D12C-A742-4612-9C5D-7C5C33C2FA3F}.Profile|Win32.Build.0 = Profile|Win32
		{00A7D12C-A742-4612-9C5D-7C5C33C2FA3F}.Profile|x64.ActiveCfg = Profile|x64
		{00A7D12C-A742-4612-9C5D-7C5C33C2FA3F}.Profile|x64.Build.0 = Profile|x64
		{00A7D12C-A742-4612-9C5D-7C5C33C2FA3F}.Release|Win32.ActiveCfg = Release|Win32
		{00A7D12C-A742-4612-9C5D-7C5C33C2FA3F}.Release|Win32.Build.0 = Release|Win32
		{00A7D12C-A742-4612-9C5D-7C5C33C2FA3F}.Release|x64.ActiveCfg = Release|x64
		{00A7D12C-A742-4612-9C5D-7C5C33C2FA3F}.Release|x64.Build.0 = Release|x64
		{42B90F7F-E5D8-4B7F-BE74-CAC4DA86C76F}.Debug|Win32.ActiveCfg = Debug|Win32
		{42B90F7F-E5D8-4B7F-BE74-CAC4DA86C76F}.Debug|Win32.Build.0 = Debug|Win32
		{42B90F7F-E5D8-4B7F-BE74-CAC4DA86C76F}.Debug|x64.ActiveCfg = Debug|x64
		{42B90F7F-E5D8-4B7F-BE74-CAC4DA86C76F}.Debug|x64.Build.0 = Debug|x64
		{42B90F7F-E5D8-4B7F-BE74-CAC4DA86C76F}.Profile|Win32.ActiveCfg = Profile|Win32
		{42B90F7F-E5D8-4B7F-BE74-CAC4DA86C76F}.Profile|Win32.Build.0 = Profile|Win32
		{42B90F7F-E5D8-4B7F-BE74-CAC4DA86C76F}.Profile|x64.ActiveCfg = Profile|x64
		{42B90F7F-E5D8-4B7F-BE74-CAC4DA86C76F}.Profile|x64.Build.0 = Profile|x64
		{42B90F7F-E5D8-4B7F-BE74-CAC4DA86C76F}.Release|Win32.ActiveCfg = Release|Win32
		{42B90F7F-E5D8-4B7F-BE74-CAC4DA86C76F}.Release|Win32.Build.0 = Release|Win32
		{42B90F7F-E5D8-4B7F-BE74-CAC4DA86C76F}.Release|x64.ActiveCfg = Release|x64
		{42B90F7F-E5D8-4B7F-BE74-CAC4DA86C76F}.Release|x64.Build.0 = Release|x64
		{78B079BD-9FC7-4B9E-B4A6-96DA0F00248B}.Debug|Win32.ActiveCfg = Debug|Win32
		{78B079BD-9FC7-4B9E-B4A6-96DA0F00248B}.Debug|Win32.Build.0 = Debug|Win32
		{78B079BD-9FC7-4B9E-B4A6-96DA0F00248B}.Debug|x64.ActiveCfg = Debug|x64
		{78B079BD-9FC7-4B9E-B4A6-96DA0F00248B}.Debug|x64.Build.0 = Debug|x64
		{78B079BD-9FC7-4B9E-B4A6-96DA0F00248B}.Profile|Win32.ActiveCfg = Profile|Win32
		{78B079BD-9FC7-4B9E-B4A6-96DA0F00248B}.Profile|Win32.Build.0 = Profile|Win32
		{78B079BD-9FC7-4B9E-B4A6-96DA0F00248B}.Profile|x64.ActiveCfg = Profile|x64
		{78B079BD-9FC7-4B9E-B4A6-96DA0F00248B}.Profile|x64.Build.0 = Profile|x64
		{78B079BD-9FC7-4B9E-B4A6-96DA0F00248B}.Release|Win32.ActiveCfg = Release|Win32
		{78B079BD-9FC7-4B9E-B4A6-96DA0F00248B}.Release|Win32.Build.0 = Release|Win32
		{78B079BD-9FC7-4B9E-B4A6-96DA0F00248B}.Release|x64.ActiveCfg = Release|x64
		{78B079BD-9FC7-4B9E-B4A6-96DA0F00248B}.Release|x64.Build.0 = Release|x64
		{84A40273-6042-41CE-8DA8-CD1D538E1FC1}.Debug|Win32.ActiveCfg = Debug|Win32
		{84A40273-6042-41CE-8DA8-CD1D538E1FC1}.Debug|Win32.Build.0 = Debug|Win32
		{84A40273-6042-41CE-8DA8-CD1D538E1FC1}.Debug|x64.ActiveCfg = Debug|x64
		{84A40273-6042-41CE-8DA8-CD1D538E1FC1}.Debug|x64.Build.0 = Debug|x64
		{84A40273-6042-41CE-8DA8-CD1D538E1FC1}.Profile|Win32.ActiveCfg = Release|Win32
		{84A40273-6042-41CE-8DA8-CD1D538E1FC1}.Profile|Win32.Build.0 = Release|Win32
		{84A40273-6042-41CE-8DA8-CD1D538E1FC1}.Profile|x64.ActiveCfg = Profile|x64
		{84A40273-6042-41CE-8DA8-CD1D538E1FC1}.Profile|x64.Build.0 = Profile|x64
		{84A40273-6042-41CE-8DA8-CD1D538E1FC1}.Release|Win32.ActiveCfg = Release|Win32
		{84A40273-6042-41CE-8DA8-CD1D538E1FC1}.Release|Win32.Build.0 = Release|Win32
		{84A40273-6042-41CE-8DA8-CD1D538E1FC1}.Release|x64.ActiveCfg = Release|x64
		{84A40273-6042-41CE-8DA8-CD1D538E1FC1}.Release|x64.Build.0 = Release|x64
	EndGlobalSection
	GlobalSection(SolutionProperties) = preSolution
		HideSolutionNode = FALSE
	EndGlobalSection
	GlobalSection(NestedProjects) = preSolution
		{00A7D12C-A742-4612-9C5D-7C5C33C2FA3F} = {879126C8-2B42-4B20-B8F9-9D136123CB33}
		{42B90F7F-E5D8-4B7F-BE74-CAC4DA86C76F} = {65D9542A-66EF-47B9-879E-B598C471A191}
		{78B079BD-9FC7-4B9E-B4A6-96DA0F00248B} = {46B65AC7-D08F-415C-A5E1-D9F3D58A8641}
		{84A40273-6042-41CE-8DA8-CD1D538E1FC1} = {46B65AC7-D08F-415C-A5E1-D9F3D58A8641}
	EndGlobalSection
EndGlobal
