
Microsoft Visual Studio Solution File, Format Version 12.00
# Visual Studio 14
VisualStudioVersion = 14.0.23107.0
MinimumVisualStudioVersion = 10.0.40219.1
Project("{8BC9CEB8-8B4A-11D0-8D11-00A0C91BC942}") = "ModelCompiler", "..\Tools\ModelCompiler.vcxproj", "{E0EAEA76-90F3-4D19-B1C7-DA8148DEA215}"
EndProject
Project("{8BC9CEB8-8B4A-11D0-8D11-00A0C91BC942}") = "LibRenderer", "..\Libraries\LibRenderer\LibRenderer.vcxproj", "{42B90F7F-E5D8-4B7F-BE74-CAC4DA86C76F}"
EndProject
Project("{8BC9CEB8-8B4A-11D0-8D11-00A0C91BC942}") = "TextureCompiler", "..\Tools\TextureCompiler.vcxproj", "{DF734DC0-15BC-4CFF-B55E-D76D0ABC8B86}"
EndProject
Global
	GlobalSection(SolutionConfigurationPlatforms) = preSolution
		Debug|Win32 = Debug|Win32
		Debug|x64 = Debug|x64
		Profile|Win32 = Profile|Win32
		Profile|x64 = Profile|x64
		Release|Win32 = Release|Win32
		Release|x64 = Release|x64
	EndGlobalSection
	GlobalSection(ProjectConfigurationPlatforms) = postSolution
		{E0EAEA76-90F3-4D19-B1C7-DA8148DEA215}.Debug|Win32.ActiveCfg = Debug|Win32
		{E0EAEA76-90F3-4D19-B1C7-DA8148DEA215}.Debug|Win32.Build.0 = Debug|Win32
		{E0EAEA76-90F3-4D19-B1C7-DA8148DEA215}.Debug|x64.ActiveCfg = Debug|x64
		{E0EAEA76-90F3-4D19-B1C7-DA8148DEA215}.Debug|x64.Build.0 = Debug|x64
		{E0EAEA76-90F3-4D19-B1C7-DA8148DEA215}.Profile|Win32.ActiveCfg = Release|Win32
		{E0EAEA76-90F3-4D19-B1C7-DA8148DEA215}.Profile|Win32.Build.0 = Release|Win32
		{E0EAEA76-90F3-4D19-B1C7-DA8148DEA215}.Profile|x64.ActiveCfg = Release|x64
		{E0EAEA76-90F3-4D19-B1C7-DA8148DEA215}.Profile|x64.Build.0 = Release|x64
		{E0EAEA76-90F3-4D19-B1C7-DA8148DEA215}.Release|Win32.ActiveCfg = Release|Win32
		{E0EAEA76-90F3-4D19-B1C7-DA8148DEA215}.Release|Win32.Build.0 = Release|Win32
		{E0EAEA76-90F3-4D19-B1C7-DA8148DEA215}.Release|x64.ActiveCfg = Release|x64
		{E0EAEA76-90F3-4D19-B1C7-DA8148DEA215}.Release|x64.Build.0 = Release|x64
		{42B90F7F-E5D8-4B7F-BE74-CAC4DA86C76F}.Debug|Win32.ActiveCfg = Debug|Win32
		{42B90F7F-E5D8-4B7F-BE74-CAC4DA86C76F}.Debug|Win32.Build.0 = Debug|Win32
		{42B90F7F-E5D8-4B7F-BE74-CAC4DA86C76F}.Debug|x64.ActiveCfg = Debug|x64
		{42B90F7F-E5D8-4B7F-BE74-CAC4DA86C76F}.Debug|x64.Build.0 = Debug|x64
		{42B90F7F-E5D8-4B7F-BE74-CAC4DA86C76F}.Profile|Win32.ActiveCfg = Profile|Win32
		{42B90F7F-E5D8-4B7F-BE74-CAC4DA86C76F}.Profile|Win32.Build.0 = Profile|Win32
		{42B90F7F-E5D8-4B7F-BE74-CAC4DA86C76F}.Profile|x64.ActiveCfg = Profile|x64
		{42B90F7F-E5D8-4B7F-BE74-CAC4DA86C76F}.Profile|x64.Build.0 = Profile|x64
		{42B90F7F-E5D8-4B7F-BE74-CAC4DA86C76F}.Release|Win32.ActiveCfg = Release|Win32
		{42B90F7F-E5D8-4B7F-BE74-CAC4DA86C76F}.Release|Win32.Build.0 = Release|Win32
		{42B90F7F-E5D8-4B7F-BE74-CAC4DA86C76F}.Release|x64.ActiveCfg = Release|x64
		{42B90F7F-E5D8-4B7F-BE74-CAC4DA86C76F}.Release|x64.Build.0 = Release|x64
		{DF734DC0-15BC-4CFF-B55E-D76D0ABC8B86}.Debug|Win32.ActiveCfg = Debug|Win32
		{DF734DC0-15BC-4CFF-B55E-D76D0ABC8B86}.Debug|Win32.Build.0 = Debug|Win32
		{DF734DC0-15BC-4CFF-B55E-D76D0ABC8B86}.Debug|x64.ActiveCfg = Debug|x64
		{DF734DC0-15BC-4CFF-B55E-D76D0ABC8B86}.Debug|x64.Build.0 = Debug|x64
		{DF734DC0-15BC-4CFF-B55E-D76D0ABC8B86}.Profile|Win32.ActiveCfg = Release|Win32
		{DF734DC0-15BC-4CFF-B55E-D76D0ABC8B86}.Profile|Win32.Build.0 = Release|Win32
		{DF734DC0-15BC-4CFF-B55E-D76D0ABC8B86}.Profile|x64.ActiveCfg = Release|x64
		{DF734DC0-15BC-4CFF-B55E-D76D0ABC8B86}.Profile|x64.Build.0 = Release|x64
		{DF734DC0-15BC-4CFF-B55E-D76D0ABC8B86}.Release|Win32.ActiveCfg = Release|Win32
		{DF734DC0-15BC-4CFF-B55E-D76D0ABC8B86}.Release|Win32.Build.0 = Release|Win32
		{DF734DC0-15BC-4CFF-B55E-D76D0ABC8B86}.Release|x64.ActiveCfg = Release|x64
		{DF734DC0-15BC-4CFF-B55E-D76D0ABC8B86}.Release|x64.Build.0 = Release|x64
	EndGlobalSection
	GlobalSection(SolutionProperties) = preSolution
		HideSolutionNode = FALSE
	EndGlobalSection
EndGlobal
