<?xml version="1.0" encoding="utf-8"?>
<Project ToolsVersion="4.0" xmlns="http://schemas.microsoft.com/developer/msbuild/2003">
  <ItemGroup>
    <Filter Include="App">
      <UniqueIdentifier>{38b7c7e0-933a-4602-8a65-da0886622970}</UniqueIdentifier>
    </Filter>
    <Filter Include="App\Utilities">
      <UniqueIdentifier>{00a10c0e-fac8-48af-931d-79c91f752b20}</UniqueIdentifier>
    </Filter>
    <Filter Include="App\Render Schemes">
      <UniqueIdentifier>{374ccb98-703b-4e62-a216-355dcff7118f}</UniqueIdentifier>
    </Filter>
    <Filter Include="App\Resources">
      <UniqueIdentifier>{377a3e42-fe0e-4996-a9b3-b5a6b61116b0}</UniqueIdentifier>
    </Filter>
    <Filter Include="Shaders">
      <UniqueIdentifier>{60e3bb2f-2a95-41db-9c08-f1907f4fa60c}</UniqueIdentifier>
    </Filter>
    <Filter Include="Shaders\Include">
      <UniqueIdentifier>{4565f845-86be-4757-a4fd-dd41fdf33843}</UniqueIdentifier>
    </Filter>
    <Filter Include="Framework">
      <UniqueIdentifier>{da82000c-bc99-47ba-a9e5-3702e062196e}</UniqueIdentifier>
    </Filter>
    <Filter Include="Build">
      <UniqueIdentifier>{1b6cbcc1-4811-46b3-9db3-3bd30d9c16c4}</UniqueIdentifier>
    </Filter>
  </ItemGroup>
  <ItemGroup>
    <ClCompile Include="$(MSBuildThisFileDirectory)GITechDemo\GITechDemo.cpp">
      <Filter>App</Filter>
    </ClCompile>
    <ClCompile Include="$(MSBuildThisFileDirectory)GITechDemo\Utilities\GaussianFilter.cpp">
      <Filter>App\Utilities</Filter>
    </ClCompile>
    <ClCompile Include="$(MSBuildThisFileDirectory)GITechDemo\Utilities\PerlinNoise.cpp">
      <Filter>App\Utilities</Filter>
    </ClCompile>
    <ClCompile Include="$(MSBuildThisFileDirectory)GITechDemo\Utilities\Poisson.cpp">
      <Filter>App\Utilities</Filter>
    </ClCompile>
    <ClCompile Include="$(MSBuildThisFileDirectory)GITechDemo\RenderScheme\CopyToBackBufferPass.cpp">
      <Filter>App\Render Schemes</Filter>
    </ClCompile>
    <ClCompile Include="$(MSBuildThisFileDirectory)GITechDemo\RenderScheme\DepthDownsamplePass.cpp">
      <Filter>App\Render Schemes</Filter>
    </ClCompile>
    <ClCompile Include="$(MSBuildThisFileDirectory)GITechDemo\RenderScheme\DirectionalLightVolumePass.cpp">
      <Filter>App\Render Schemes</Filter>
    </ClCompile>
    <ClCompile Include="$(MSBuildThisFileDirectory)GITechDemo\RenderScheme\HDRDownsampleForBloomPass.cpp">
      <Filter>App\Render Schemes</Filter>
    </ClCompile>
    <ClCompile Include="$(MSBuildThisFileDirectory)GITechDemo\RenderScheme\PBRMaterialTestPass.cpp">
      <Filter>App\Render Schemes</Filter>
    </ClCompile>
    <ClCompile Include="$(MSBuildThisFileDirectory)GITechDemo\RenderScheme\ResolveDepthBufferPass.cpp">
      <Filter>App\Render Schemes</Filter>
    </ClCompile>
    <ClCompile Include="$(MSBuildThisFileDirectory)GITechDemo\RenderScheme\SceneGeometryPass.cpp">
      <Filter>App\Render Schemes</Filter>
    </ClCompile>
    <ClCompile Include="$(MSBuildThisFileDirectory)GITechDemo\RenderScheme\ScreenSpaceReflectionPass.cpp">
      <Filter>App\Render Schemes</Filter>
    </ClCompile>
    <ClCompile Include="$(MSBuildThisFileDirectory)GITechDemo\RenderScheme\SSAOPass.cpp">
      <Filter>App\Render Schemes</Filter>
    </ClCompile>
    <ClCompile Include="$(MSBuildThisFileDirectory)GITechDemo\RenderScheme\BloomPass.cpp">
      <Filter>App\Render Schemes</Filter>
    </ClCompile>
    <ClCompile Include="$(MSBuildThisFileDirectory)GITechDemo\RenderScheme\DepthOfFieldPass.cpp">
      <Filter>App\Render Schemes</Filter>
    </ClCompile>
    <ClCompile Include="$(MSBuildThisFileDirectory)GITechDemo\RenderScheme\DirectionalIndirectLightPass.cpp">
      <Filter>App\Render Schemes</Filter>
    </ClCompile>
    <ClCompile Include="$(MSBuildThisFileDirectory)GITechDemo\RenderScheme\DirectionalLightPass.cpp">
      <Filter>App\Render Schemes</Filter>
    </ClCompile>
    <ClCompile Include="$(MSBuildThisFileDirectory)GITechDemo\RenderScheme\HDRDownsamplePass.cpp">
      <Filter>App\Render Schemes</Filter>
    </ClCompile>
    <ClCompile Include="$(MSBuildThisFileDirectory)GITechDemo\RenderScheme\FXAAPass.cpp">
      <Filter>App\Render Schemes</Filter>
    </ClCompile>
    <ClCompile Include="$(MSBuildThisFileDirectory)GITechDemo\RenderScheme\GBufferPass.cpp">
      <Filter>App\Render Schemes</Filter>
    </ClCompile>
    <ClCompile Include="$(MSBuildThisFileDirectory)GITechDemo\RenderScheme\HDRToneMappingPass.cpp">
      <Filter>App\Render Schemes</Filter>
    </ClCompile>
    <ClCompile Include="$(MSBuildThisFileDirectory)GITechDemo\RenderScheme\UIPass.cpp">
      <Filter>App\Render Schemes</Filter>
    </ClCompile>
    <ClCompile Include="$(MSBuildThisFileDirectory)GITechDemo\RenderScheme\LensFlarePass.cpp">
      <Filter>App\Render Schemes</Filter>
    </ClCompile>
    <ClCompile Include="$(MSBuildThisFileDirectory)GITechDemo\RenderScheme\LightingPass.cpp">
      <Filter>App\Render Schemes</Filter>
    </ClCompile>
    <ClCompile Include="$(MSBuildThisFileDirectory)GITechDemo\RenderScheme\MotionBlurPass.cpp">
      <Filter>App\Render Schemes</Filter>
    </ClCompile>
    <ClCompile Include="$(MSBuildThisFileDirectory)GITechDemo\RenderScheme\PostProcessingPass.cpp">
      <Filter>App\Render Schemes</Filter>
    </ClCompile>
    <ClCompile Include="$(MSBuildThisFileDirectory)GITechDemo\RenderScheme\RenderPass.cpp">
      <Filter>App\Render Schemes</Filter>
    </ClCompile>
    <ClCompile Include="$(MSBuildThisFileDirectory)GITechDemo\RenderScheme\RenderScheme.cpp">
      <Filter>App\Render Schemes</Filter>
    </ClCompile>
    <ClCompile Include="$(MSBuildThisFileDirectory)GITechDemo\RenderScheme\RSMDirectionalLightPass.cpp">
      <Filter>App\Render Schemes</Filter>
    </ClCompile>
    <ClCompile Include="$(MSBuildThisFileDirectory)GITechDemo\RenderScheme\ShadowMapDirectionalLightPass.cpp">
      <Filter>App\Render Schemes</Filter>
    </ClCompile>
    <ClCompile Include="$(MSBuildThisFileDirectory)GITechDemo\RenderScheme\SkyPass.cpp">
      <Filter>App\Render Schemes</Filter>
    </ClCompile>
    <ClCompile Include="$(MSBuildThisFileDirectory)GITechDemo\Resources\AppResources.cpp">
      <Filter>App\Resources</Filter>
    </ClCompile>
    <ClCompile Include="$(MSBuildThisFileDirectory)GITechDemo\Resources\ArtistParameter.cpp">
      <Filter>App\Resources</Filter>
    </ClCompile>
    <ClCompile Include="$(MSBuildThisFileDirectory)GITechDemo\Resources\RenderResource.cpp">
      <Filter>App\Resources</Filter>
    </ClCompile>
    <ClCompile Include="$(MSBuildThisFileDirectory)Framework\main.cpp">
      <Filter>Framework</Filter>
    </ClCompile>
    <ClCompile Include="$(MSBuildThisFileDirectory)Framework\Timestamp.cpp">
      <Filter>Framework</Filter>
    </ClCompile>
  </ItemGroup>
  <ItemGroup>
    <ClInclude Include="$(MSBuildThisFileDirectory)GITechDemo\GITechDemo.h">
      <Filter>App</Filter>
    </ClInclude>
    <ClInclude Include="$(MSBuildThisFileDirectory)GITechDemo\Utilities\GaussianFilter.h">
      <Filter>App\Utilities</Filter>
    </ClInclude>
    <ClInclude Include="$(MSBuildThisFileDirectory)GITechDemo\Utilities\PerlinNoise.h">
      <Filter>App\Utilities</Filter>
    </ClInclude>
    <ClInclude Include="$(MSBuildThisFileDirectory)GITechDemo\Utilities\Poisson.h">
      <Filter>App\Utilities</Filter>
    </ClInclude>
    <ClInclude Include="$(MSBuildThisFileDirectory)GITechDemo\RenderScheme\CopyToBackBufferPass.h">
      <Filter>App\Render Schemes</Filter>
    </ClInclude>
    <ClInclude Include="$(MSBuildThisFileDirectory)GITechDemo\RenderScheme\DepthDownsamplePass.h">
      <Filter>App\Render Schemes</Filter>
    </ClInclude>
    <ClInclude Include="$(MSBuildThisFileDirectory)GITechDemo\RenderScheme\DirectionalLightVolumePass.h">
      <Filter>App\Render Schemes</Filter>
    </ClInclude>
    <ClInclude Include="$(MSBuildThisFileDirectory)GITechDemo\RenderScheme\HDRDownsampleForBloomPass.h">
      <Filter>App\Render Schemes</Filter>
    </ClInclude>
    <ClInclude Include="$(MSBuildThisFileDirectory)GITechDemo\RenderScheme\PBRMaterialTestPass.h">
      <Filter>App\Render Schemes</Filter>
    </ClInclude>
    <ClInclude Include="$(MSBuildThisFileDirectory)GITechDemo\RenderScheme\ResolveDepthBufferPass.h">
      <Filter>App\Render Schemes</Filter>
    </ClInclude>
    <ClInclude Include="$(MSBuildThisFileDirectory)GITechDemo\RenderScheme\SceneGeometryPass.h">
      <Filter>App\Render Schemes</Filter>
    </ClInclude>
    <ClInclude Include="$(MSBuildThisFileDirectory)GITechDemo\RenderScheme\ScreenSpaceReflectionPass.h">
      <Filter>App\Render Schemes</Filter>
    </ClInclude>
    <ClInclude Include="$(MSBuildThisFileDirectory)GITechDemo\RenderScheme\SSAOPass.h">
      <Filter>App\Render Schemes</Filter>
    </ClInclude>
    <ClInclude Include="$(MSBuildThisFileDirectory)GITechDemo\RenderScheme\BloomPass.h">
      <Filter>App\Render Schemes</Filter>
    </ClInclude>
    <ClInclude Include="$(MSBuildThisFileDirectory)GITechDemo\RenderScheme\DepthOfFieldPass.h">
      <Filter>App\Render Schemes</Filter>
    </ClInclude>
    <ClInclude Include="$(MSBuildThisFileDirectory)GITechDemo\RenderScheme\DirectionalIndirectLightPass.h">
      <Filter>App\Render Schemes</Filter>
    </ClInclude>
    <ClInclude Include="$(MSBuildThisFileDirectory)GITechDemo\RenderScheme\DirectionalLightPass.h">
      <Filter>App\Render Schemes</Filter>
    </ClInclude>
    <ClInclude Include="$(MSBuildThisFileDirectory)GITechDemo\RenderScheme\HDRDownsamplePass.h">
      <Filter>App\Render Schemes</Filter>
    </ClInclude>
    <ClInclude Include="$(MSBuildThisFileDirectory)GITechDemo\RenderScheme\FXAAPass.h">
      <Filter>App\Render Schemes</Filter>
    </ClInclude>
    <ClInclude Include="$(MSBuildThisFileDirectory)GITechDemo\RenderScheme\GBufferPass.h">
      <Filter>App\Render Schemes</Filter>
    </ClInclude>
    <ClInclude Include="$(MSBuildThisFileDirectory)GITechDemo\RenderScheme\HDRToneMappingPass.h">
      <Filter>App\Render Schemes</Filter>
    </ClInclude>
    <ClInclude Include="$(MSBuildThisFileDirectory)GITechDemo\RenderScheme\UIPass.h">
      <Filter>App\Render Schemes</Filter>
    </ClInclude>
    <ClInclude Include="$(MSBuildThisFileDirectory)GITechDemo\RenderScheme\LensFlarePass.h">
      <Filter>App\Render Schemes</Filter>
    </ClInclude>
    <ClInclude Include="$(MSBuildThisFileDirectory)GITechDemo\RenderScheme\LightingPass.h">
      <Filter>App\Render Schemes</Filter>
    </ClInclude>
    <ClInclude Include="$(MSBuildThisFileDirectory)GITechDemo\RenderScheme\MotionBlurPass.h">
      <Filter>App\Render Schemes</Filter>
    </ClInclude>
    <ClInclude Include="$(MSBuildThisFileDirectory)GITechDemo\RenderScheme\PostProcessingPass.h">
      <Filter>App\Render Schemes</Filter>
    </ClInclude>
    <ClInclude Include="$(MSBuildThisFileDirectory)GITechDemo\RenderScheme\RenderPass.h">
      <Filter>App\Render Schemes</Filter>
    </ClInclude>
    <ClInclude Include="$(MSBuildThisFileDirectory)GITechDemo\RenderScheme\RenderScheme.h">
      <Filter>App\Render Schemes</Filter>
    </ClInclude>
    <ClInclude Include="$(MSBuildThisFileDirectory)GITechDemo\RenderScheme\RSMDirectionalLightPass.h">
      <Filter>App\Render Schemes</Filter>
    </ClInclude>
    <ClInclude Include="$(MSBuildThisFileDirectory)GITechDemo\RenderScheme\ShadowMapDirectionalLightPass.h">
      <Filter>App\Render Schemes</Filter>
    </ClInclude>
    <ClInclude Include="$(MSBuildThisFileDirectory)GITechDemo\RenderScheme\SkyPass.h">
      <Filter>App\Render Schemes</Filter>
    </ClInclude>
    <ClInclude Include="$(MSBuildThisFileDirectory)GITechDemo\Resources\AppResources.h">
      <Filter>App\Resources</Filter>
    </ClInclude>
    <ClInclude Include="$(MSBuildThisFileDirectory)GITechDemo\Resources\ArtistParameter.h">
      <Filter>App\Resources</Filter>
    </ClInclude>
    <ClInclude Include="$(MSBuildThisFileDirectory)GITechDemo\Resources\Shaders.h">
      <Filter>App\Resources</Filter>
    </ClInclude>
    <ClInclude Include="$(MSBuildThisFileDirectory)GITechDemo\Resources\RenderResource.h">
      <Filter>App\Resources</Filter>
    </ClInclude>
    <ClInclude Include="$(MSBuildThisFileDirectory)Framework\App.h">
      <Filter>Framework</Filter>
    </ClInclude>
    <ClInclude Include="$(MSBuildThisFileDirectory)Framework\Framework.h">
      <Filter>Framework</Filter>
    </ClInclude>
    <ClInclude Include="$(MSBuildThisFileDirectory)Framework\Timestamp.h">
      <Filter>Framework</Filter>
    </ClInclude>
  </ItemGroup>
  <ItemGroup>
    <None Include="$(MSBuildThisFileDirectory)..\..\Data\shaders\BRDFUtils.hlsli">
      <Filter>Shaders\Include</Filter>
    </None>
    <None Include="$(MSBuildThisFileDirectory)..\..\Data\shaders\Common.hlsli">
      <Filter>Shaders\Include</Filter>
    </None>
    <None Include="$(MSBuildThisFileDirectory)..\..\Data\shaders\CSMUtils.hlsli">
      <Filter>Shaders\Include</Filter>
    </None>
    <None Include="$(MSBuildThisFileDirectory)..\..\Data\shaders\PostProcessingUtils.hlsli">
      <Filter>Shaders\Include</Filter>
    </None>
    <None Include="$(MSBuildThisFileDirectory)..\..\Data\shaders\RSMCommon.hlsli">
      <Filter>Shaders\Include</Filter>
    </None>
    <None Include="$(MSBuildThisFileDirectory)..\..\Data\shaders\Utils.hlsli">
      <Filter>Shaders\Include</Filter>
    </None>
    <None Include="$(MSBuildThisFileDirectory)GITechDemo.licenseheader" />
    <None Include="$(MSBuildThisFileDirectory)..\..\Build\build_all.bat">
      <Filter>Build</Filter>
    </None>
    <None Include="$(MSBuildThisFileDirectory)..\..\Build\build_project.py">
      <Filter>Build</Filter>
    </None>
    <None Include="$(MSBuildThisFileDirectory)..\..\Build\build_tools.py">
      <Filter>Build</Filter>
    </None>
    <None Include="$(MSBuildThisFileDirectory)..\..\Build\build_data.py">
      <Filter>Build</Filter>
    </None>
    <None Include="$(MSBuildThisFileDirectory)..\..\Build\utils.py">
      <Filter>Build</Filter>
    </None>
    <None Include="$(MSBuildThisFileDirectory)..\..\DataSrc\compile_sponza_model.py">
      <Filter>Build</Filter>
    </None>
    <None Include="$(MSBuildThisFileDirectory)..\..\DataSrc\compile_utility_textures.py">
      <Filter>Build</Filter>
    </None>
  </ItemGroup>
  <ItemGroup>
    <CustomBuild Include="$(MSBuildThisFileDirectory)..\..\Data\shaders\AnamorphicLensFlareBlur.hlsl">
      <Filter>Shaders</Filter>
    </CustomBuild>
    <CustomBuild Include="$(MSBuildThisFileDirectory)..\..\Data\shaders\AnamorphicLensFlareFeatures.hlsl">
      <Filter>Shaders</Filter>
    </CustomBuild>
    <CustomBuild Include="$(MSBuildThisFileDirectory)..\..\Data\shaders\BilateralBlur.hlsl">
      <Filter>Shaders</Filter>
    </CustomBuild>
    <CustomBuild Include="$(MSBuildThisFileDirectory)..\..\Data\shaders\Bloom.hlsl">
      <Filter>Shaders</Filter>
    </CustomBuild>
    <CustomBuild Include="$(MSBuildThisFileDirectory)..\..\Data\shaders\BokehDoF.hlsl">
      <Filter>Shaders</Filter>
    </CustomBuild>
    <CustomBuild Include="$(MSBuildThisFileDirectory)..\..\Data\shaders\ColorCopy.hlsl">
      <Filter>Shaders</Filter>
    </CustomBuild>
    <CustomBuild Include="$(MSBuildThisFileDirectory)..\..\Data\shaders\DepthCopy.hlsl">
      <Filter>Shaders</Filter>
    </CustomBuild>
    <CustomBuild Include="$(MSBuildThisFileDirectory)..\..\Data\shaders\DepthPass.hlsl">
      <Filter>Shaders</Filter>
    </CustomBuild>
    <CustomBuild Include="$(MSBuildThisFileDirectory)..\..\Data\shaders\DepthPassAlphaTest.hlsl">
      <Filter>Shaders</Filter>
    </CustomBuild>
    <CustomBuild Include="$(MSBuildThisFileDirectory)..\..\Data\shaders\DirectionalLight.hlsl">
      <Filter>Shaders</Filter>
    </CustomBuild>
    <CustomBuild Include="$(MSBuildThisFileDirectory)..\..\Data\shaders\DirectionalLightVolume.hlsl">
      <Filter>Shaders</Filter>
    </CustomBuild>
    <CustomBuild Include="$(MSBuildThisFileDirectory)..\..\Data\shaders\Downsample.hlsl">
      <Filter>Shaders</Filter>
    </CustomBuild>
    <CustomBuild Include="$(MSBuildThisFileDirectory)..\..\Data\shaders\FXAA.hlsl">
      <Filter>Shaders</Filter>
    </CustomBuild>
    <CustomBuild Include="$(MSBuildThisFileDirectory)..\..\Data\shaders\GBufferGeneration.hlsl">
      <Filter>Shaders</Filter>
    </CustomBuild>
    <CustomBuild Include="$(MSBuildThisFileDirectory)..\..\Data\shaders\HDRToneMapping.hlsl">
      <Filter>Shaders</Filter>
    </CustomBuild>
    <CustomBuild Include="$(MSBuildThisFileDirectory)..\..\Data\shaders\LensFlareApply.hlsl">
      <Filter>Shaders</Filter>
    </CustomBuild>
    <CustomBuild Include="$(MSBuildThisFileDirectory)..\..\Data\shaders\LumaAdapt.hlsl">
      <Filter>Shaders</Filter>
    </CustomBuild>
    <CustomBuild Include="$(MSBuildThisFileDirectory)..\..\Data\shaders\LumaCapture.hlsl">
      <Filter>Shaders</Filter>
    </CustomBuild>
    <CustomBuild Include="$(MSBuildThisFileDirectory)..\..\Data\shaders\MotionBlur.hlsl">
      <Filter>Shaders</Filter>
    </CustomBuild>
    <CustomBuild Include="$(MSBuildThisFileDirectory)..\..\Data\shaders\NearestDepthUpscale.hlsl">
      <Filter>Shaders</Filter>
    </CustomBuild>
    <CustomBuild Include="$(MSBuildThisFileDirectory)..\..\Data\shaders\RSMApply.hlsl">
      <Filter>Shaders</Filter>
    </CustomBuild>
    <CustomBuild Include="$(MSBuildThisFileDirectory)..\..\Data\shaders\RSMCapture.hlsl">
      <Filter>Shaders</Filter>
    </CustomBuild>
    <CustomBuild Include="$(MSBuildThisFileDirectory)..\..\Data\shaders\RSMUpscale.hlsl">
      <Filter>Shaders</Filter>
    </CustomBuild>
    <CustomBuild Include="$(MSBuildThisFileDirectory)..\..\Data\shaders\ScreenSpaceReflection.hlsl">
      <Filter>Shaders</Filter>
    </CustomBuild>
    <CustomBuild Include="$(MSBuildThisFileDirectory)..\..\Data\shaders\Skybox.hlsl">
      <Filter>Shaders</Filter>
    </CustomBuild>
    <CustomBuild Include="$(MSBuildThisFileDirectory)..\..\Data\shaders\SphericalLensFlareFeatures.hlsl">
      <Filter>Shaders</Filter>
    </CustomBuild>
    <CustomBuild Include="$(MSBuildThisFileDirectory)..\..\Data\shaders\SSAO.hlsl">
      <Filter>Shaders</Filter>
    </CustomBuild>
    <CustomBuild Include="$(MSBuildThisFileDirectory)..\..\Data\shaders\UI.hlsl">
      <Filter>Shaders</Filter>
    </CustomBuild>
  </ItemGroup>
</Project>