<?xml version="1.0" encoding="Windows-1252"?>
<Project ToolsVersion="4.0" xmlns="http://schemas.microsoft.com/developer/msbuild/2003">
  <ItemGroup>
    <ClCompile Include="source\builtin\GainputInputDeviceBuiltIn.cpp">
      <Filter>Source Files</Filter>
    </ClCompile>
    <ClCompile Include="source\dev\GainputDev.cpp">
      <Filter>Source Files</Filter>
    </ClCompile>
    <ClCompile Include="source\dev\GainputMemoryStream.cpp">
      <Filter>Source Files</Filter>
    </ClCompile>
    <ClCompile Include="source\dev\GainputNetAddress.cpp">
      <Filter>Source Files</Filter>
    </ClCompile>
    <ClCompile Include="source\dev\GainputNetConnection.cpp">
      <Filter>Source Files</Filter>
    </ClCompile>
    <ClCompile Include="source\dev\GainputNetListener.cpp">
      <Filter>Source Files</Filter>
    </ClCompile>
    <ClCompile Include="source\gainput.cpp">
      <Filter>Source Files</Filter>
    </ClCompile>
    <ClCompile Include="source\GainputAllocator.cpp">
      <Filter>Source Files</Filter>
    </ClCompile>
    <ClCompile Include="source\GainputInputDeltaState.cpp">
      <Filter>Source Files</Filter>
    </ClCompile>
    <ClCompile Include="source\GainputInputDevice.cpp">
      <Filter>Source Files</Filter>
    </ClCompile>
    <ClCompile Include="source\GainputInputManager.cpp">
      <Filter>Source Files</Filter>
    </ClCompile>
    <ClCompile Include="source\GainputInputMap.cpp">
      <Filter>Source Files</Filter>
    </ClCompile>
    <ClCompile Include="source\GainputInputState.cpp">
      <Filter>Source Files</Filter>
    </ClCompile>
    <ClCompile Include="source\gestures\GainputButtonStickGesture.cpp">
      <Filter>Source Files</Filter>
    </ClCompile>
    <ClCompile Include="source\gestures\GainputDoubleClickGesture.cpp">
      <Filter>Source Files</Filter>
    </ClCompile>
    <ClCompile Include="source\gestures\GainputHoldGesture.cpp">
      <Filter>Source Files</Filter>
    </ClCompile>
    <ClCompile Include="source\gestures\GainputPinchGesture.cpp">
      <Filter>Source Files</Filter>
    </ClCompile>
    <ClCompile Include="source\gestures\GainputRotateGesture.cpp">
      <Filter>Source Files</Filter>
    </ClCompile>
    <ClCompile Include="source\gestures\GainputSimultaneouslyDownGesture.cpp">
      <Filter>Source Files</Filter>
    </ClCompile>
    <ClCompile Include="source\gestures\GainputTapGesture.cpp">
      <Filter>Source Files</Filter>
    </ClCompile>
    <ClCompile Include="source\keyboard\GainputInputDeviceKeyboard.cpp">
      <Filter>Source Files</Filter>
    </ClCompile>
    <ClCompile Include="source\keyboard\GainputInputDeviceKeyboardMac.cpp">
      <Filter>Source Files</Filter>
    </ClCompile>
    <ClCompile Include="source\mouse\GainputInputDeviceMouse.cpp">
      <Filter>Source Files</Filter>
    </ClCompile>
    <ClCompile Include="source\pad\GainputInputDevicePad.cpp">
      <Filter>Source Files</Filter>
    </ClCompile>
    <ClCompile Include="source\pad\GainputInputDevicePadMac.cpp">
      <Filter>Source Files</Filter>
    </ClCompile>
    <ClCompile Include="source\recorder\GainputInputPlayer.cpp">
      <Filter>Source Files</Filter>
    </ClCompile>
    <ClCompile Include="source\recorder\GainputInputRecorder.cpp">
      <Filter>Source Files</Filter>
    </ClCompile>
    <ClCompile Include="source\recorder\GainputInputRecording.cpp">
      <Filter>Source Files</Filter>
    </ClCompile>
    <ClCompile Include="source\touch\GainputInputDeviceTouch.cpp">
      <Filter>Source Files</Filter>
    </ClCompile>
  </ItemGroup>
  <ItemGroup>
    <Filter Include="Source Files">
      <UniqueIdentifier>{A19491F6-1F99-4008-BB8F-4DD9BE034C97}</UniqueIdentifier>
    </Filter>
  </ItemGroup>
</Project>