
Microsoft Visual Studio Solution File, Format Version 12.00
# Visual Studio Version 16
VisualStudioVersion = 16.0.29709.97
MinimumVisualStudioVersion = 10.0.40219.1
Project("{8BC9CEB8-8B4A-11D0-8D11-00A0C91BC942}") = "Synesthesia3D", "..\External\Synesthesia3D\Synesthesia3D.vcxproj", "{42B90F7F-E5D8-4B7F-BE74-CAC4DA86C76F}"
EndProject
Project("{8BC9CEB8-8B4A-11D0-8D11-00A0C91BC942}") = "gainput", "..\External\gainput\gainput.vcxproj", "{84A40273-6042-41CE-8DA8-CD1D538E1FC1}"
EndProject
Project("{2150E333-8FDC-42A3-9474-1A3956D46DE8}") = "3rd Party", "3rd Party", "{46B65AC7-D08F-415C-A5E1-D9F3D58A8641}"
EndProject
Project("{2150E333-8FDC-42A3-9474-1A3956D46DE8}") = "Engine", "Engine", "{65D9542A-66EF-47B9-879E-B598C471A191}"
EndProject
Project("{2150E333-8FDC-42A3-9474-1A3956D46DE8}") = "Main", "Main", "{879126C8-2B42-4B20-B8F9-9D136123CB33}"
EndProject
Project("{8BC9CEB8-8B4A-11D0-8D11-00A0C91BC942}") = "ImGui", "..\External\imgui\ImGui.vcxproj", "{1F3A97EA-BAD7-498E-BCB1-5CC3A2C316AD}"
EndProject
Project("{8BC9CEB8-8B4A-11D0-8D11-00A0C91BC942}") = "VirtualMuseum", "..\AppMain\VirtualMusem.vcxproj", "{9C684140-C31E-4FC8-A673-F914373FFBA6}"
EndProject
Global
	GlobalSection(SolutionConfigurationPlatforms) = preSolution
		Debug|Win32 = Debug|Win32
		Debug|x64 = Debug|x64
		Profile|Win32 = Profile|Win32
		Profile|x64 = Profile|x64
		Release|Win32 = Release|Win32
		Release|x64 = Release|x64
	EndGlobalSection
	GlobalSection(ProjectConfigurationPlatforms) = postSolution
		{42B90F7F-E5D8-4B7F-BE74-CAC4DA86C76F}.Debug|Win32.ActiveCfg = Debug|Win32
		{42B90F7F-E5D8-4B7F-BE74-CAC4DA86C76F}.Debug|Win32.Build.0 = Debug|Win32
		{42B90F7F-E5D8-4B7F-BE74-CAC4DA86C76F}.Debug|x64.ActiveCfg = Debug|x64
		{42B90F7F-E5D8-4B7F-BE74-CAC4DA86C76F}.Debug|x64.Build.0 = Debug|x64
		{42B90F7F-E5D8-4B7F-BE74-CAC4DA86C76F}.Profile|Win32.ActiveCfg = Profile|Win32
		{42B90F7F-E5D8-4B7F-BE74-CAC4DA86C76F}.Profile|Win32.Build.0 = Profile|Win32
		{42B90F7F-E5D8-4B7F-BE74-CAC4DA86C76F}.Profile|x64.ActiveCfg = Profile|x64
		{42B90F7F-E5D8-4B7F-BE74-CAC4DA86C76F}.Profile|x64.Build.0 = Profile|x64
		{42B90F7F-E5D8-4B7F-BE74-CAC4DA86C76F}.Release|Win32.ActiveCfg = Release|Win32
		{42B90F7F-E5D8-4B7F-BE74-CAC4DA86C76F}.Release|Win32.Build.0 = Release|Win32
		{42B90F7F-E5D8-4B7F-BE74-CAC4DA86C76F}.Release|x64.ActiveCfg = Release|x64
		{42B90F7F-E5D8-4B7F-BE74-CAC4DA86C76F}.Release|x64.Build.0 = Release|x64
		{84A40273-6042-41CE-8DA8-CD1D538E1FC1}.Debug|Win32.ActiveCfg = Debug|Win32
		{84A40273-6042-41CE-8DA8-CD1D538E1FC1}.Debug|Win32.Build.0 = Debug|Win32
		{84A40273-6042-41CE-8DA8-CD1D538E1FC1}.Debug|x64.ActiveCfg = Debug|x64
		{84A40273-6042-41CE-8DA8-CD1D538E1FC1}.Debug|x64.Build.0 = Debug|x64
		{84A40273-6042-41CE-8DA8-CD1D538E1FC1}.Profile|Win32.ActiveCfg = Profile|Win32
		{84A40273-6042-41CE-8DA8-CD1D538E1FC1}.Profile|Win32.Build.0 = Profile|Win32
		{84A40273-6042-41CE-8DA8-CD1D538E1FC1}.Profile|x64.ActiveCfg = Profile|x64
		{84A40273-6042-41CE-8DA8-CD1D538E1FC1}.Profile|x64.Build.0 = Profile|x64
		{84A40273-6042-41CE-8DA8-CD1D538E1FC1}.Release|Win32.ActiveCfg = Release|Win32
		{84A40273-6042-41CE-8DA8-CD1D538E1FC1}.Release|Win32.Build.0 = Release|Win32
		{84A40273-6042-41CE-8DA8-CD1D538E1FC1}.Release|x64.ActiveCfg = Release|x64
		{84A40273-6042-41CE-8DA8-CD1D538E1FC1}.Release|x64.Build.0 = Release|x64
		{1F3A97EA-BAD7-498E-BCB1-5CC3A2C316AD}.Debug|Win32.ActiveCfg = Debug|Win32
		{1F3A97EA-BAD7-498E-BCB1-5CC3A2C316AD}.Debug|Win32.Build.0 = Debug|Win32
		{1F3A97EA-BAD7-498E-BCB1-5CC3A2C316AD}.Debug|x64.ActiveCfg = Debug|x64
		{1F3A97EA-BAD7-498E-BCB1-5CC3A2C316AD}.Debug|x64.Build.0 = Debug|x64
		{1F3A97EA-BAD7-498E-BCB1-5CC3A2C316AD}.Profile|Win32.ActiveCfg = Profile|Win32
		{1F3A97EA-BAD7-498E-BCB1-5CC3A2C316AD}.Profile|Win32.Build.0 = Profile|Win32
		{1F3A97EA-BAD7-498E-BCB1-5CC3A2C316AD}.Profile|x64.ActiveCfg = Profile|x64
		{1F3A97EA-BAD7-498E-BCB1-5CC3A2C316AD}.Profile|x64.Build.0 = Profile|x64
		{1F3A97EA-BAD7-498E-BCB1-5CC3A2C316AD}.Release|Win32.ActiveCfg = Release|Win32
		{1F3A97EA-BAD7-498E-BCB1-5CC3A2C316AD}.Release|Win32.Build.0 = Release|Win32
		{1F3A97EA-BAD7-498E-BCB1-5CC3A2C316AD}.Release|x64.ActiveCfg = Release|x64
		{1F3A97EA-BAD7-498E-BCB1-5CC3A2C316AD}.Release|x64.Build.0 = Release|x64
		{9C684140-C31E-4FC8-A673-F914373FFBA6}.Debug|Win32.ActiveCfg = Debug|Win32
		{9C684140-C31E-4FC8-A673-F914373FFBA6}.Debug|Win32.Build.0 = Debug|Win32
		{9C684140-C31E-4FC8-A673-F914373FFBA6}.Debug|x64.ActiveCfg = Debug|x64
		{9C684140-C31E-4FC8-A673-F914373FFBA6}.Debug|x64.Build.0 = Debug|x64
		{9C684140-C31E-4FC8-A673-F914373FFBA6}.Profile|Win32.ActiveCfg = Profile|Win32
		{9C684140-C31E-4FC8-A673-F914373FFBA6}.Profile|Win32.Build.0 = Profile|Win32
		{9C684140-C31E-4FC8-A673-F914373FFBA6}.Profile|x64.ActiveCfg = Profile|x64
		{9C684140-C31E-4FC8-A673-F914373FFBA6}.Profile|x64.Build.0 = Profile|x64
		{9C684140-C31E-4FC8-A673-F914373FFBA6}.Release|Win32.ActiveCfg = Release|Win32
		{9C684140-C31E-4FC8-A673-F914373FFBA6}.Release|Win32.Build.0 = Release|Win32
		{9C684140-C31E-4FC8-A673-F914373FFBA6}.Release|x64.ActiveCfg = Release|x64
		{9C684140-C31E-4FC8-A673-F914373FFBA6}.Release|x64.Build.0 = Release|x64
	EndGlobalSection
	GlobalSection(SolutionProperties) = preSolution
		HideSolutionNode = FALSE
	EndGlobalSection
	GlobalSection(NestedProjects) = preSolution
		{42B90F7F-E5D8-4B7F-BE74-CAC4DA86C76F} = {65D9542A-66EF-47B9-879E-B598C471A191}
		{84A40273-6042-41CE-8DA8-CD1D538E1FC1} = {46B65AC7-D08F-415C-A5E1-D9F3D58A8641}
		{1F3A97EA-BAD7-498E-BCB1-5CC3A2C316AD} = {46B65AC7-D08F-415C-A5E1-D9F3D58A8641}
		{9C684140-C31E-4FC8-A673-F914373FFBA6} = {879126C8-2B42-4B20-B8F9-9D136123CB33}
	EndGlobalSection
	GlobalSection(ExtensibilityGlobals) = postSolution
		SolutionGuid = {595AE0CC-CC11-475A-BDB5-693CC07180C5}
	EndGlobalSection
EndGlobal
